
Microsoft Visual Studio Solution File, Format Version 12.00
# Visual Studio Version 16
VisualStudioVersion = 16.0.29806.167
MinimumVisualStudioVersion = 10.0.40219.1
Project("{FAE04EC0-301F-11D3-BF4B-00C04F79EFBC}") = "H5", "H5\H5.csproj", "{3EB0CA59-5D5E-431B-8793-239904DE774A}"
EndProject
Global
	GlobalSection(SolutionConfigurationPlatforms) = preSolution
		Debug|Any CPU = Debug|Any CPU
		Release|Any CPU = Release|Any CPU
	EndGlobalSection
	GlobalSection(ProjectConfigurationPlatforms) = postSolution
		{3EB0CA59-5D5E-431B-8793-239904DE774A}.Debug|Any CPU.ActiveCfg = Debug|Any CPU
		{3EB0CA59-5D5E-431B-8793-239904DE774A}.Debug|Any CPU.Build.0 = Debug|Any CPU
		{3EB0CA59-5D5E-431B-8793-239904DE774A}.Release|Any CPU.ActiveCfg = Release|Any CPU
		{3EB0CA59-5D5E-431B-8793-239904DE774A}.Release|Any CPU.Build.0 = Release|Any CPU
	EndGlobalSection
	GlobalSection(SolutionProperties) = preSolution
		HideSolutionNode = FALSE
	EndGlobalSection
	GlobalSection(ExtensibilityGlobals) = postSolution
		SolutionGuid = {707FED9E-0786-4075-9C68-62B2708B9B00}
	EndGlobalSection
EndGlobal
